
Microsoft Visual Studio Solution File, Format Version 12.00
# Visual Studio 14
VisualStudioVersion = 14.0.24720.0
MinimumVisualStudioVersion = 10.0.40219.1
Project("{FAE04EC0-301F-11D3-BF4B-00C04F79EFBC}") = "yod", "LinguisticsApp1\yod.csproj", "{1C61EC3B-1E32-4F06-A4ED-64DF9BF22048}"
EndProject
Project("{FAE04EC0-301F-11D3-BF4B-00C04F79EFBC}") = "yodTest", "yodTest\yodTest.csproj", "{82C38A35-C3C4-4F7B-947A-87A192685A01}"
EndProject
Global
	GlobalSection(SolutionConfigurationPlatforms) = preSolution
		Debug|Any CPU = Debug|Any CPU
		Release|Any CPU = Release|Any CPU
	EndGlobalSection
	GlobalSection(ProjectConfigurationPlatforms) = postSolution
		{1C61EC3B-1E32-4F06-A4ED-64DF9BF22048}.Debug|Any CPU.ActiveCfg = Debug|Any CPU
		{1C61EC3B-1E32-4F06-A4ED-64DF9BF22048}.Debug|Any CPU.Build.0 = Debug|Any CPU
		{1C61EC3B-1E32-4F06-A4ED-64DF9BF22048}.Release|Any CPU.ActiveCfg = Release|Any CPU
		{1C61EC3B-1E32-4F06-A4ED-64DF9BF22048}.Release|Any CPU.Build.0 = Release|Any CPU
		{82C38A35-C3C4-4F7B-947A-87A192685A01}.Debug|Any CPU.ActiveCfg = Debug|Any CPU
		{82C38A35-C3C4-4F7B-947A-87A192685A01}.Debug|Any CPU.Build.0 = Debug|Any CPU
		{82C38A35-C3C4-4F7B-947A-87A192685A01}.Release|Any CPU.ActiveCfg = Release|Any CPU
		{82C38A35-C3C4-4F7B-947A-87A192685A01}.Release|Any CPU.Build.0 = Release|Any CPU
	EndGlobalSection
	GlobalSection(SolutionProperties) = preSolution
		HideSolutionNode = FALSE
	EndGlobalSection
EndGlobal
